
Microsoft Visual Studio Solution File, Format Version 12.00
# Visual Studio Version 16
VisualStudioVersion = 16.0.29613.14
MinimumVisualStudioVersion = 10.0.40219.1
Project("{9A19103F-16F7-4668-BE54-9A1E7A4F7556}") = "Api", "Api\Api.csproj", "{71F5C807-AA61-4693-8AB9-044B1BD5B9FA}"
EndProject
Project("{9A19103F-16F7-4668-BE54-9A1E7A4F7556}") = "Data", "Data\Data.csproj", "{A997C011-3218-42D7-917A-21E67E519680}"
EndProject
Project("{FAE04EC0-301F-11D3-BF4B-00C04F79EFBC}") = "Core", "Core\Core.csproj", "{013B7871-0E78-4B9F-93C6-ABED9A0FD3EF}"
EndProject
Global
	GlobalSection(SolutionConfigurationPlatforms) = preSolution
		Debug|Any CPU = Debug|Any CPU
		Release|Any CPU = Release|Any CPU
	EndGlobalSection
	GlobalSection(ProjectConfigurationPlatforms) = postSolution
		{71F5C807-AA61-4693-8AB9-044B1BD5B9FA}.Debug|Any CPU.ActiveCfg = Debug|Any CPU
		{71F5C807-AA61-4693-8AB9-044B1BD5B9FA}.Debug|Any CPU.Build.0 = Debug|Any CPU
		{71F5C807-AA61-4693-8AB9-044B1BD5B9FA}.Release|Any CPU.ActiveCfg = Release|Any CPU
		{71F5C807-AA61-4693-8AB9-044B1BD5B9FA}.Release|Any CPU.Build.0 = Release|Any CPU
		{A997C011-3218-42D7-917A-21E67E519680}.Debug|Any CPU.ActiveCfg = Debug|Any CPU
		{A997C011-3218-42D7-917A-21E67E519680}.Debug|Any CPU.Build.0 = Debug|Any CPU
		{A997C011-3218-42D7-917A-21E67E519680}.Release|Any CPU.ActiveCfg = Release|Any CPU
		{A997C011-3218-42D7-917A-21E67E519680}.Release|Any CPU.Build.0 = Release|Any CPU
		{013B7871-0E78-4B9F-93C6-ABED9A0FD3EF}.Debug|Any CPU.ActiveCfg = Debug|Any CPU
		{013B7871-0E78-4B9F-93C6-ABED9A0FD3EF}.Debug|Any CPU.Build.0 = Debug|Any CPU
		{013B7871-0E78-4B9F-93C6-ABED9A0FD3EF}.Release|Any CPU.ActiveCfg = Release|Any CPU
		{013B7871-0E78-4B9F-93C6-ABED9A0FD3EF}.Release|Any CPU.Build.0 = Release|Any CPU
	EndGlobalSection
	GlobalSection(SolutionProperties) = preSolution
		HideSolutionNode = FALSE
	EndGlobalSection
	GlobalSection(ExtensibilityGlobals) = postSolution
		SolutionGuid = {48081441-BD05-4CFC-AD8F-3CEA9B25D72E}
	EndGlobalSection
EndGlobal
